PODS:
  - AFNetworking (3.2.1):
    - AFNetworking/NSURLSession (= 3.2.1)
    - AFNetworking/Reachability (= 3.2.1)
    - AFNetworking/Security (= 3.2.1)
    - AFNetworking/Serialization (= 3.2.1)
    - AFNetworking/UIKit (= 3.2.1)
  - AFNetworking/NSURLSession (3.2.1):
    - AFNetworking/Reachability
    - AFNetworking/Security
    - AFNetworking/Serialization
  - AFNetworking/Reachability (3.2.1)
  - AFNetworking/Security (3.2.1)
  - AFNetworking/Serialization (3.2.1)
  - AFNetworking/UIKit (3.2.1):
    - AFNetworking/NSURLSession
  - BarrageRenderer (2.1.0)
  - BEMCheckBox (1.4.1)
  - DCPathButton (2.1.4)
  - GPUImage (0.1.7)
  - libksygpulive/base (3.0.4)
  - libksygpulive/KSYGPUResource (3.0.4)
  - libksygpulive/libksygpulive (3.0.4):
    - GPUImage
    - libksygpulive/streamerbase
  - libksygpulive/mediacodec (3.0.4)
  - libksygpulive/mediacore_enc_base (3.0.4)
  - libksygpulive/mediacore_enc_lite (3.0.4)
  - libksygpulive/streamerbase (3.0.4):
    - libksygpulive/base
    - libksygpulive/mediacodec
    - libksygpulive/mediacore_enc_base
    - libksygpulive/mediacore_enc_lite
    - libksygpulive/yuv
  - libksygpulive/yuv (3.0.4)
  - LookinServer (0.9.3)
  - LXMButtonImagePosition (1.2.0)
  - Masonry (1.1.0)
  - MJExtension (3.1.0)
  - MLEmojiLabel (1.0.2):
    - TTTAttributedLabel (~> 1.13.4)
  - MMLayout (0.2.0)
  - OCBarrage (1.0.5)
  - PRTween (0.1.0)
  - Reveal-iOS-SDK (1.6.2)
  - SDCycleScrollView (1.80):
    - SDWebImage (>= 5.0.0)
  - SDWebImage (5.0.6):
    - SDWebImage/Core (= 5.0.6)
  - SDWebImage/Core (5.0.6)
  - SuperPlayer (3.1.1):
    - AFNetworking
    - Masonry
    - MMLayout
    - SDWebImage
    - SuperPlayer/Player (= 3.1.1)
  - SuperPlayer/Player (3.1.1):
    - AFNetworking
    - Masonry
    - MMLayout
    - SDWebImage
  - TTTAttributedLabel (1.13.4)
  - VHBoomMenuButton/ObjC (2.0.0)
  - WMPageController (2.5.2)
  - XRWaterfallLayout (0.1.2)

DEPENDENCIES:
  - BarrageRenderer
  - BEMCheckBox
  - DCPathButton
  - libksygpulive/KSYGPUResource
  - libksygpulive/libksygpulive
  - LookinServer
  - LXMButtonImagePosition
  - Masonry
  - MJExtension
  - MLEmojiLabel
  - OCBarrage
  - PRTween
  - Reveal-iOS-SDK
  - SDCycleScrollView
  - SDWebImage
  - SuperPlayer
  - VHBoomMenuButton/ObjC
  - WMPageController
  - XRWaterfallLayout

SPEC REPOS:
  https://github.com/cocoapods/specs.git:
    - AFNetworking
    - BarrageRenderer
    - BEMCheckBox
    - DCPathButton
    - GPUImage
    - libksygpulive
    - LookinServer
    - LXMButtonImagePosition
    - Masonry
    - MJExtension
    - MLEmojiLabel
    - MMLayout
    - OCBarrage
    - PRTween
    - Reveal-iOS-SDK
    - SDCycleScrollView
    - SDWebImage
    - SuperPlayer
    - TTTAttributedLabel
    - VHBoomMenuButton
    - WMPageController
    - XRWaterfallLayout

SPEC CHECKSUMS:
  AFNetworking: b6f891fdfaed196b46c7a83cf209e09697b94057
  BarrageRenderer: 00e5f8081d81f29c1fc12712ddf2f875bd9c6f77
  BEMCheckBox: 5ba6e37ade3d3657b36caecc35c8b75c6c2b1a4e
  DCPathButton: 99c8211ef3eafc3b438c917a4c7b4502fa77eee7
  GPUImage: 733a5f0fab92df9de1c37ba9df520a833ccb406d
  libksygpulive: aca3eb30e7a38ee6565feb52feb82ccc0103ce43
  LookinServer: 44f1b5f32743dc61068a156ff86b5b47d0a82943
  LXMButtonImagePosition: 663e176be2c7e4ff99bcda808c364ebc3774af0f
  Masonry: 678fab65091a9290e40e2832a55e7ab731aad201
  MJExtension: 6b69b3bef2864fd550ce1a184eda219e321209d2
  MLEmojiLabel: 36d73c19f9975cbf9def24e5bc135263b0337fd8
  MMLayout: 3fb59d58eeb8656c64e61d550fb0088e10666c11
  OCBarrage: 5ee1a922afacb2c04739621ccda71872185e2e59
  PRTween: 6c58c7e32ebcf31e33e6a6e6bc727ebef3b668ef
  Reveal-iOS-SDK: e2250b3c155bcfac53ae223ddc1f76d08f206c33
  SDCycleScrollView: b3c9a5ed840c771c4938978174c7c9d9feefeb96
  SDWebImage: 920f1a2ff1ca8296ad34f6e0510a1ef1d70ac965
  SuperPlayer: de9540ac79b1db43875d82e514620989c9bc2bde
  TTTAttributedLabel: 0a2ac7b2dd726d32a070dafb01446026b11e624f
  VHBoomMenuButton: 77a7ae6742220b57b54eec28183fc123a3dd98ed
  WMPageController: 0c7624d2b48e4f1ab92371688cf6744ed701575d
  XRWaterfallLayout: 8d615c21e7be46dc220e0ece45697fdd4bfa0f3b

PODFILE CHECKSUM: 0927f7cd080b8af7654490ef804dde61aebbabba

COCOAPODS: 1.7.5
